
Microsoft Visual Studio Solution File, Format Version 12.00
# Visual Studio 2013
VisualStudioVersion = 12.0.21005.1
MinimumVisualStudioVersion = 10.0.40219.1
Project("{FAE04EC0-301F-11D3-BF4B-00C04F79EFBC}") = "double_stress", "double_stress.csproj", "{51C38DFE-9FC5-4A14-A046-1F6EA3910904}"
EndProject
Global
	GlobalSection(SolutionConfigurationPlatforms) = preSolution
		Debug|Any CPU = Debug|Any CPU
		Release|Any CPU = Release|Any CPU
	EndGlobalSection
	GlobalSection(ProjectConfigurationPlatforms) = postSolution
		{51C38DFE-9FC5-4A14-A046-1F6EA3910904}.Debug|Any CPU.ActiveCfg = Debug|Any CPU
		{51C38DFE-9FC5-4A14-A046-1F6EA3910904}.Debug|Any CPU.Build.0 = Debug|Any CPU
		{51C38DFE-9FC5-4A14-A046-1F6EA3910904}.Release|Any CPU.ActiveCfg = Release|Any CPU
		{51C38DFE-9FC5-4A14-A046-1F6EA3910904}.Release|Any CPU.Build.0 = Release|Any CPU
	EndGlobalSection
	GlobalSection(SolutionProperties) = preSolution
		HideSolutionNode = FALSE
	EndGlobalSection
EndGlobal
